{
    "_readme": [
        "This file locks the dependencies of your project to a known state",
        "Read more about it at https://getcomposer.org/doc/01-basic-usage.md#composer-lock-the-lock-file",
        "This file is @generated automatically"
    ],
    "hash": "0df4ee32abb84b875bcd4bc2ec1fbad2",
    "content-hash": "814c9aea551271f9008ef3165da01b42",
    "packages": [
        {
            "name": "adamculp/api-consumer",
            "version": "dev-master",
            "source": {
                "type": "git",
                "url": "https://github.com/adamculp/api-consumer.git",
                "reference": "92ffebe42bff65051649e6d75d2ca0f16c5ca1e0"
            },
            "dist": {
                "type": "zip",
                "url": "https://api.github.com/repos/adamculp/api-consumer/zipball/92ffebe42bff65051649e6d75d2ca0f16c5ca1e0",
                "reference": "92ffebe42bff65051649e6d75d2ca0f16c5ca1e0",
                "shasum": ""
            },
            "require": {
                "lib-curl": "*",
                "php": ">=5.3.0"
            },
            "require-dev": {
                "phpunit/phpunit": "4.1.3"
            },
            "type": "library",
            "autoload": {
                "psr-0": {
                    "ApiConsumer": "src/"
                }
            },
            "notification-url": "https://packagist.org/downloads/",
            "license": [
                "MIT"
            ],
            "authors": [
                {
                    "name": "Adam Culp",
                    "email": "adamculp@uws.net"
                }
            ],
            "description": "Basic API wrapper for dealing with Mashery and other GET based APIs.",
            "keywords": [
                "Api Wrapper",
                "api",
                "mashery api",
                "wrapper"
            ],
            "time": "2014-09-24 20:08:35"
        },
        {
            "name": "phing/phing",
            "version": "2.9.1",
            "source": {
                "type": "git",
                "url": "https://github.com/phingofficial/phing.git",
                "reference": "393edeffa8a85d43636ce0c9b4deb1ff9ac60a5c"
            },
            "dist": {
                "type": "zip",
                "url": "https://api.github.com/repos/phingofficial/phing/zipball/393edeffa8a85d43636ce0c9b4deb1ff9ac60a5c",
                "reference": "393edeffa8a85d43636ce0c9b4deb1ff9ac60a5c",
                "shasum": ""
            },
            "require": {
                "php": ">=5.2.0"
            },
            "require-dev": {
                "ext-pdo_sqlite": "*",
                "lastcraft/simpletest": "@dev",
                "pdepend/pdepend": "1.x",
                "pear-pear.php.net/http_request2": "2.2.x",
                "pear-pear.php.net/net_growl": "2.7.x",
                "pear-pear.php.net/pear_packagefilemanager": "1.7.x",
                "pear-pear.php.net/pear_packagefilemanager2": "1.0.x",
                "pear-pear.php.net/xml_serializer": "0.20.x",
                "pear/pear_exception": "@dev",
                "pear/versioncontrol_git": "@dev",
                "pear/versioncontrol_svn": "@dev",
                "phpdocumentor/phpdocumentor": "2.x",
                "phploc/phploc": "2.x",
                "phpunit/phpunit": ">=3.7",
                "sebastian/phpcpd": "2.x",
                "squizlabs/php_codesniffer": "1.5.x"
            },
            "suggest": {
                "pdepend/pdepend": "PHP version of JDepend",
                "pear/archive_tar": "Tar file management class",
                "pear/versioncontrol_git": "A library that provides OO interface to handle Git repository",
                "pear/versioncontrol_svn": "A simple OO-style interface for Subversion, the free/open-source version control system",
                "phpdocumentor/phpdocumentor": "Documentation Generator for PHP",
                "phploc/phploc": "A tool for quickly measuring the size of a PHP project",
                "phpmd/phpmd": "PHP version of PMD tool",
                "phpunit/php-code-coverage": "Library that provides collection, processing, and rendering functionality for PHP code coverage information",
                "phpunit/phpunit": "The PHP Unit Testing Framework",
                "sebastian/phpcpd": "Copy/Paste Detector (CPD) for PHP code",
                "tedivm/jshrink": "Javascript Minifier built in PHP"
            },
            "bin": [
                "bin/phing"
            ],
            "type": "library",
            "extra": {
                "branch-alias": {
                    "dev-master": "2.9.x-dev"
                }
            },
            "autoload": {
                "classmap": [
                    "classes/phing/"
                ]
            },
            "notification-url": "https://packagist.org/downloads/",
            "include-path": [
                "classes"
            ],
            "license": [
                "LGPL-3.0"
            ],
            "authors": [
                {
                    "name": "Phing Community",
                    "homepage": "http://www.phing.info/trac/wiki/Development/Contributors"
                },
                {
                    "name": "Michiel Rook",
                    "email": "mrook@php.net"
                }
            ],
            "description": "PHing Is Not GNU make; it's a PHP project build system or build tool based on Apache Ant.",
            "homepage": "http://www.phing.info/",
            "keywords": [
                "build",
                "phing",
                "task",
                "tool"
            ],
            "time": "2014-12-03 09:18:46"
        },
        {
            "name": "sunshinephp/ssp-blog",
            "version": "dev-master",
            "source": {
                "type": "git",
                "url": "https://github.com/sunshinephp/ssp-blog.git",
                "reference": "65470d762d85e7443729e9456583b284fc5746e0"
            },
            "dist": {
                "type": "zip",
                "url": "https://api.github.com/repos/sunshinephp/ssp-blog/zipball/65470d762d85e7443729e9456583b284fc5746e0",
                "reference": "65470d762d85e7443729e9456583b284fc5746e0",
                "shasum": ""
            },
            "require": {
                "php": ">=5.3.3"
            },
            "type": "library",
            "autoload": {
                "psr-0": {
                    "SspBlog": "src/"
                },
                "classmap": [
                    "./Module.php"
                ]
            },
            "notification-url": "https://packagist.org/downloads/",
            "authors": [
                {
                    "name": "Adam Culp",
                    "email": "adamculp@uws.net",
                    "homepage": "http://geekyboy.com",
                    "role": "Developer"
                }
            ],
            "description": "Blog module for use in the SunshinePHP site.",
            "keywords": [
                "ssp",
                "ssphp"
            ],
            "time": "2014-03-09 14:44:45"
        },
        {
            "name": "sunshinephp/ssp-contact",
            "version": "dev-master",
            "source": {
                "type": "git",
                "url": "https://github.com/sunshinephp/ssp-contact.git",
                "reference": "8642a9063fbb1db3e5f6efa1d8ae44644ffea894"
            },
            "dist": {
                "type": "zip",
                "url": "https://api.github.com/repos/sunshinephp/ssp-contact/zipball/8642a9063fbb1db3e5f6efa1d8ae44644ffea894",
                "reference": "8642a9063fbb1db3e5f6efa1d8ae44644ffea894",
                "shasum": ""
            },
            "require": {
                "php": ">=5.3.3"
            },
            "require-dev": {
                "adamculp/api-consumer": "dev-master",
                "zendframework/zend-form": "<=2.2.1",
                "zendframework/zend-mail": "<=2.2.1",
                "zendframework/zend-mvc": "<=2.2.1",
                "zf-commons/zfc-base": "dev-master"
            },
            "type": "library",
            "autoload": {
                "psr-0": {
                    "SspContact": "src/"
                },
                "classmap": [
                    "./Module.php"
                ]
            },
            "notification-url": "https://packagist.org/downloads/",
            "authors": [
                {
                    "name": "Adam Culp",
                    "email": "adamculp@uws.net",
                    "homepage": "http://geekyboy.com"
                }
            ],
            "description": "Contact module for use in the SunshinePHP site.",
            "keywords": [
                "ssp",
                "ssphp"
            ],
            "time": "2015-10-06 01:39:47"
        },
        {
            "name": "sunshinephp/ssp-press",
            "version": "dev-master",
            "source": {
                "type": "git",
                "url": "https://github.com/sunshinephp/ssp-press.git",
                "reference": "ce5c0fadcad698ce667042d4212ce5f8ece0f09a"
            },
            "dist": {
                "type": "zip",
                "url": "https://api.github.com/repos/sunshinephp/ssp-press/zipball/ce5c0fadcad698ce667042d4212ce5f8ece0f09a",
                "reference": "ce5c0fadcad698ce667042d4212ce5f8ece0f09a",
                "shasum": ""
            },
            "require": {
                "php": ">=5.3.3"
            },
            "type": "library",
            "autoload": {
                "psr-0": {
                    "SspPress": "src/"
                },
                "classmap": [
                    "./Module.php"
                ]
            },
            "notification-url": "https://packagist.org/downloads/",
            "authors": [
                {
                    "name": "Adam Culp",
                    "email": "adamculp@uws.net",
                    "homepage": "http://geekyboy.com",
                    "role": "Developer"
                }
            ],
            "description": "Press module for use in the SunshinePHP site.",
            "keywords": [
                "ssp",
                "ssphp"
            ],
            "time": "2014-03-09 14:47:45"
        },
        {
            "name": "sunshinephp/ssp-sponsors",
            "version": "dev-master",
            "source": {
                "type": "git",
                "url": "https://github.com/sunshinephp/ssp-sponsors.git",
                "reference": "cdc804fccd8ce50a75716d7cf50aca12e267389b"
            },
            "dist": {
                "type": "zip",
                "url": "https://api.github.com/repos/sunshinephp/ssp-sponsors/zipball/cdc804fccd8ce50a75716d7cf50aca12e267389b",
                "reference": "cdc804fccd8ce50a75716d7cf50aca12e267389b",
                "shasum": ""
            },
            "require": {
                "php": ">=5.3.3"
            },
            "type": "library",
            "autoload": {
                "psr-0": {
                    "SspSponsors": "src/"
                },
                "classmap": [
                    "./Module.php"
                ]
            },
            "notification-url": "https://packagist.org/downloads/",
            "authors": [
                {
                    "name": "Adam Culp",
                    "email": "adamculp@uws.net",
                    "homepage": "http://geekyboy.com"
                }
            ],
            "description": "Sponsors module for use in the SunshinePHP site.",
            "keywords": [
                "ssp",
                "ssphp"
            ],
            "time": "2015-10-06 01:36:45"
        },
        {
            "name": "sunshinephp/ssp-talks",
            "version": "dev-master",
            "source": {
                "type": "git",
                "url": "https://github.com/sunshinephp/ssp-talks.git",
                "reference": "40806458274825a8437fbaf8b9935683c1c2cf6f"
            },
            "dist": {
                "type": "zip",
                "url": "https://api.github.com/repos/sunshinephp/ssp-talks/zipball/40806458274825a8437fbaf8b9935683c1c2cf6f",
                "reference": "40806458274825a8437fbaf8b9935683c1c2cf6f",
                "shasum": ""
            },
            "require": {
                "php": ">=5.3.3"
            },
            "type": "library",
            "autoload": {
                "psr-0": {
                    "SspTalks": "src/"
                },
                "classmap": [
                    "./Module.php"
                ]
            },
            "notification-url": "https://packagist.org/downloads/",
            "authors": [
                {
                    "name": "Adam Culp",
                    "email": "adamculp@uws.net",
                    "homepage": "http://geekyboy.com"
                }
            ],
            "description": "Talks module for use in the SunshinePHP site.",
            "keywords": [
                "ssp",
                "ssphp"
            ],
            "time": "2015-10-25 15:27:05"
        },
        {
            "name": "zendframework/zendframework",
            "version": "2.2.10",
            "source": {
                "type": "git",
                "url": "https://github.com/zendframework/zf2.git",
                "reference": "a8d56b4b7ef3f027fc531c34064e2bf0132feab2"
            },
            "dist": {
                "type": "zip",
                "url": "https://api.github.com/repos/zendframework/zf2/zipball/a8d56b4b7ef3f027fc531c34064e2bf0132feab2",
                "reference": "a8d56b4b7ef3f027fc531c34064e2bf0132feab2",
                "shasum": ""
            },
            "require": {
                "php": ">=5.3.3",
                "zendframework/zendxml": "~1.0-dev"
            },
            "replace": {
                "zendframework/zend-authentication": "self.version",
                "zendframework/zend-barcode": "self.version",
                "zendframework/zend-cache": "self.version",
                "zendframework/zend-captcha": "self.version",
                "zendframework/zend-code": "self.version",
                "zendframework/zend-config": "self.version",
                "zendframework/zend-console": "self.version",
                "zendframework/zend-crypt": "self.version",
                "zendframework/zend-db": "self.version",
                "zendframework/zend-debug": "self.version",
                "zendframework/zend-di": "self.version",
                "zendframework/zend-dom": "self.version",
                "zendframework/zend-escaper": "self.version",
                "zendframework/zend-eventmanager": "self.version",
                "zendframework/zend-feed": "self.version",
                "zendframework/zend-file": "self.version",
                "zendframework/zend-filter": "self.version",
                "zendframework/zend-form": "self.version",
                "zendframework/zend-http": "self.version",
                "zendframework/zend-i18n": "self.version",
                "zendframework/zend-inputfilter": "self.version",
                "zendframework/zend-json": "self.version",
                "zendframework/zend-ldap": "self.version",
                "zendframework/zend-loader": "self.version",
                "zendframework/zend-log": "self.version",
                "zendframework/zend-mail": "self.version",
                "zendframework/zend-math": "self.version",
                "zendframework/zend-memory": "self.version",
                "zendframework/zend-mime": "self.version",
                "zendframework/zend-modulemanager": "self.version",
                "zendframework/zend-mvc": "self.version",
                "zendframework/zend-navigation": "self.version",
                "zendframework/zend-paginator": "self.version",
                "zendframework/zend-permissions-acl": "self.version",
                "zendframework/zend-permissions-rbac": "self.version",
                "zendframework/zend-progressbar": "self.version",
                "zendframework/zend-resources": "self.version",
                "zendframework/zend-serializer": "self.version",
                "zendframework/zend-server": "self.version",
                "zendframework/zend-servicemanager": "self.version",
                "zendframework/zend-session": "self.version",
                "zendframework/zend-soap": "self.version",
                "zendframework/zend-stdlib": "self.version",
                "zendframework/zend-tag": "self.version",
                "zendframework/zend-test": "self.version",
                "zendframework/zend-text": "self.version",
                "zendframework/zend-uri": "self.version",
                "zendframework/zend-validator": "self.version",
                "zendframework/zend-version": "self.version",
                "zendframework/zend-view": "self.version",
                "zendframework/zend-xmlrpc": "self.version"
            },
            "require-dev": {
                "doctrine/annotations": ">=1.0",
                "fabpot/php-cs-fixer": "*@dev",
                "ircmaxell/random-lib": "dev-master",
                "ircmaxell/security-lib": "dev-master",
                "ocramius/proxy-manager": "0.4.*",
                "phpunit/phpunit": "3.7.*"
            },
            "suggest": {
                "doctrine/annotations": "Doctrine Annotations >=1.0 for annotation features",
                "ext-intl": "ext/intl for i18n features (included in default builds of PHP)",
                "ircmaxell/random-lib": "Fallback random byte generator for Zend\\Math\\Rand if OpenSSL/Mcrypt extensions are unavailable",
                "ocramius/proxy-manager": "ProxyManager to handle lazy initialization of services",
                "zendframework/zendpdf": "ZendPdf for creating PDF representations of barcodes",
                "zendframework/zendservice-recaptcha": "ZendService\\ReCaptcha for rendering ReCaptchas in Zend\\Captcha and/or Zend\\Form"
            },
            "bin": [
                "bin/classmap_generator.php",
                "bin/pluginmap_generator.php",
                "bin/templatemap_generator.php"
            ],
            "type": "library",
            "extra": {
                "branch-alias": {
                    "dev-master": "2.2-dev",
                    "dev-develop": "2.3-dev"
                }
            },
            "autoload": {
                "psr-0": {
                    "Zend\\": "library/"
                }
            },
            "notification-url": "https://packagist.org/downloads/",
            "license": [
                "BSD-3-Clause"
            ],
            "description": "Zend Framework 2",
            "homepage": "http://framework.zend.com/",
            "keywords": [
                "framework",
                "zf2"
            ],
            "time": "2015-02-17 20:01:36"
        },
        {
            "name": "zendframework/zendxml",
            "version": "1.0.1",
            "source": {
                "type": "git",
                "url": "https://github.com/zendframework/ZendXml.git",
                "reference": "54edb3875aba5b45f02824f65f311c9fb2743a38"
            },
            "dist": {
                "type": "zip",
                "url": "https://api.github.com/repos/zendframework/ZendXml/zipball/54edb3875aba5b45f02824f65f311c9fb2743a38",
                "reference": "54edb3875aba5b45f02824f65f311c9fb2743a38",
                "shasum": ""
            },
            "require": {
                "php": ">=5.3.3"
            },
            "require-dev": {
                "phpunit/phpunit": "~3.7",
                "squizlabs/php_codesniffer": "~1.5"
            },
            "type": "library",
            "extra": {
                "branch-alias": {
                    "dev-master": "1.0-dev"
                }
            },
            "autoload": {
                "psr-0": {
                    "ZendXml\\": "library/"
                }
            },
            "notification-url": "https://packagist.org/downloads/",
            "license": [
                "BSD-3-Clause"
            ],
            "description": "Utility library for XML usage, best practices, and security in PHP",
            "homepage": "http://packages.zendframework.com/",
            "keywords": [
                "security",
                "xml",
                "zf2"
            ],
            "time": "2015-08-03 14:50:10"
        },
        {
            "name": "zf-commons/zfc-base",
            "version": "v0.1.2",
            "source": {
                "type": "git",
                "url": "https://github.com/ZF-Commons/ZfcBase.git",
                "reference": "fc68a49b58ba68584a9a4c44a1ca9df12b30d1bf"
            },
            "dist": {
                "type": "zip",
                "url": "https://api.github.com/repos/ZF-Commons/ZfcBase/zipball/fc68a49b58ba68584a9a4c44a1ca9df12b30d1bf",
                "reference": "fc68a49b58ba68584a9a4c44a1ca9df12b30d1bf",
                "shasum": ""
            },
            "require": {
                "php": ">=5.3.3",
                "zendframework/zend-db": "~2.1",
                "zendframework/zend-eventmanager": "~2.1",
                "zendframework/zend-loader": "~2.1",
                "zendframework/zend-modulemanager": "~2.1",
                "zendframework/zend-mvc": "~2.1",
                "zendframework/zend-servicemanager": "~2.1",
                "zendframework/zend-stdlib": "~2.1"
            },
            "type": "library",
            "autoload": {
                "psr-0": {
                    "ZfcBase": "src/"
                },
                "classmap": [
                    "./Module.php"
                ]
            },
            "notification-url": "https://packagist.org/downloads/",
            "authors": [
                {
                    "name": "Kyle Spraggs",
                    "email": "theman@spiffyjr.me",
                    "homepage": "http://www.spiffyjr.me/"
                },
                {
                    "name": "Evan Coury",
                    "email": "me@evancoury.com",
                    "homepage": "http://blog.evan.pro/"
                }
            ],
            "description": "A set of genetic (abstract) classes which are commonly used across multiple modules.",
            "homepage": "https://github.com/ZF-Commons/ZfcBase",
            "keywords": [
                "zf2"
            ],
            "time": "2013-05-02 12:33:49"
        },
        {
            "name": "zf-commons/zfc-user",
            "version": "0.1.3",
            "source": {
                "type": "git",
                "url": "https://github.com/ZF-Commons/ZfcUser.git",
                "reference": "db5b39df5f640c86299c74f46a91869c09c9a3ed"
            },
            "dist": {
                "type": "zip",
                "url": "https://api.github.com/repos/ZF-Commons/ZfcUser/zipball/db5b39df5f640c86299c74f46a91869c09c9a3ed",
                "reference": "db5b39df5f640c86299c74f46a91869c09c9a3ed",
                "shasum": ""
            },
            "require": {
                "php": ">=5.3.3",
                "zendframework/zend-authentication": "~2.1",
                "zendframework/zend-crypt": "~2.1",
                "zendframework/zend-form": "~2.1",
                "zendframework/zend-http": "~2.1",
                "zendframework/zend-inputfilter": "~2.1",
                "zendframework/zend-loader": "~2.1",
                "zendframework/zend-modulemanager": "~2.1",
                "zendframework/zend-mvc": "~2.1",
                "zendframework/zend-servicemanager": "~2.1",
                "zendframework/zend-session": "~2.1",
                "zendframework/zend-stdlib": "~2.1",
                "zendframework/zend-validator": "~2.1",
                "zendframework/zend-view": "~2.1",
                "zf-commons/zfc-base": "0.*"
            },
            "require-dev": {
                "phpmd/phpmd": "1.4.*",
                "phpunit/phpunit": ">=3.7,<4",
                "squizlabs/php_codesniffer": "1.4.*",
                "zendframework/zend-captcha": "~2.1"
            },
            "suggest": {
                "zendframework/zend-captcha": "Zend\\Captcha if you want to use the captcha component"
            },
            "type": "library",
            "extra": {
                "branch-alias": {
                    "dev-master": "0.1.x-dev"
                }
            },
            "autoload": {
                "psr-0": {
                    "ZfcUser": "src/"
                },
                "classmap": [
                    "./Module.php"
                ]
            },
            "notification-url": "https://packagist.org/downloads/",
            "license": [
                "BSD-3-Clause"
            ],
            "authors": [
                {
                    "name": "Kyle Spraggs",
                    "email": "theman@spiffyjr.me",
                    "homepage": "http://www.spiffyjr.me/"
                },
                {
                    "name": "Evan Coury",
                    "email": "me@evancoury.com",
                    "homepage": "http://blog.evan.pro/"
                }
            ],
            "description": "A generic user registration and authentication module for ZF2. Supports Zend\\Db and Doctrine2.",
            "homepage": "https://github.com/ZF-Commons/ZfcUser",
            "keywords": [
                "zf2"
            ],
            "time": "2014-04-17 10:31:44"
        }
    ],
    "packages-dev": [],
    "aliases": [],
    "minimum-stability": "stable",
    "stability-flags": {
        "sunshinephp/ssp-contact": 20,
        "sunshinephp/ssp-talks": 20,
        "sunshinephp/ssp-sponsors": 20,
        "sunshinephp/ssp-blog": 20,
        "sunshinephp/ssp-press": 20,
        "zf-commons/zfc-user": 20,
        "adamculp/api-consumer": 20
    },
    "prefer-stable": false,
    "prefer-lowest": false,
    "platform": {
        "php": ">=5.3.3"
    },
    "platform-dev": []
}
